// !$*UTF8*$!
{
	archiveVersion = 1;
	classes = {
	};
	objectVersion = 46;
	objects = {

/* Begin PBXBuildFile section */
		FE2BE5BB1E00CE8E008FC4E7 /* AppDelegate.swift in Sources */ = {isa = PBXBuildFile; fileRef = FE2BE5BA1E00CE8E008FC4E7 /* AppDelegate.swift */; };
		FE2BE5BD1E00CE8E008FC4E7 /* ViewController.swift in Sources */ = {isa = PBXBuildFile; fileRef = FE2BE5BC1E00CE8E008FC4E7 /* ViewController.swift */; };
		FE2BE5C01E00CE8E008FC4E7 /* Main.storyboard in Resources */ = {isa = PBXBuildFile; fileRef = FE2BE5BE1E00CE8E008FC4E7 /* Main.storyboard */; };
		FE2BE5C21E00CE8E008FC4E7 /* Assets.xcassets in Resources */ = {isa = PBXBuildFile; fileRef = FE2BE5C11E00CE8E008FC4E7 /* Assets.xcassets */; };
		FE2BE5C51E00CE8E008FC4E7 /* LaunchScreen.storyboard in Resources */ = {isa = PBXBuildFile; fileRef = FE2BE5C31E00CE8E008FC4E7 /* LaunchScreen.storyboard */; };
		FE2BE5CD1E00CF9C008FC4E7 /* SecondVC.swift in Sources */ = {isa = PBXBuildFile; fileRef = FE2BE5CC1E00CF9C008FC4E7 /* SecondVC.swift */; };
/* End PBXBuildFile section */

/* Begin PBXFileReference section */
		FE2BE5B71E00CE8E008FC4E7 /* MultiViewControllers.app */ = {isa = PBXFileReference; explicitFileType = wrapper.application; includeInIndex = 0; path = MultiViewControllers.app; sourceTree = BUILT_PRODUCTS_DIR; };
		FE2BE5BA1E00CE8E008FC4E7 /* AppDelegate.swift */ = {isa = PBXFileReference; lastKnownFileType = sourcecode.swift; path = AppDelegate.swift; sourceTree = "<group>"; };
		FE2BE5BC1E00CE8E008FC4E7 /* ViewController.swift */ = {isa = PBXFileReference; lastKnownFileType = sourcecode.swift; path = ViewController.swift; sourceTree = "<group>"; };
		FE2BE5BF1E00CE8E008FC4E7 /* Base */ = {isa = PBXFileReference; lastKnownFileType = file.storyboard; name = Base; path = Base.lproj/Main.storyboard; sourceTree = "<group>"; };
		FE2BE5C11E00CE8E008FC4E7 /* Assets.xcassets */ = {isa = PBXFileReference; lastKnownFileType = folder.assetcatalog; path = Assets.xcassets; sourceTree = "<group>"; };
		FE2BE5C41E00CE8E008FC4E7 /* Base */ = {isa = PBXFileReference; lastKnownFileType = file.storyboard; name = Base; path = Base.lproj/LaunchScreen.storyboard; sourceTree = "<group>"; };
		FE2BE5C61E00CE8E008FC4E7 /* Info.plist */ = {isa = PBXFileReference; lastKnownFileType = text.plist.xml; path = Info.plist; sourceTree = "<group>"; };
		FE2BE5CC1E00CF9C008FC4E7 /* SecondVC.swift */ = {isa = PBXFileReference; fileEncoding = 4; lastKnownFileType = sourcecode.swift; path = SecondVC.swift; sourceTree = "<group>"; };
/* End PBXFileReference section */

/* Begin PBXFrameworksBuildPhase section */
		FE2BE5B41E00CE8E008FC4E7 /* Frameworks */ = {
			isa = PBXFrameworksBuildPhase;
			buildActionMask = 2147483647;
			files = (
			);
			runOnlyForDeploymentPostprocessing = 0;
		};
/* End PBXFrameworksBuildPhase section */

/* Begin PBXGroup section */
		FE2BE5AE1E00CE8E008FC4E7 = {
			isa = PBXGroup;
			children = (
				FE2BE5B91E00CE8E008FC4E7 /* MultiViewControllers */,
				FE2BE5B81E00CE8E008FC4E7 /* Products */,
			);
			sourceTree = "<group>";
		};
		FE2BE5B81E00CE8E008FC4E7 /* Products */ = {
			isa = PBXGroup;
			children = (
				FE2BE5B71E00CE8E008FC4E7 /* MultiViewControllers.app */,
			);
			name = Products;
			sourceTree = "<group>";
		};
		FE2BE5B91E00CE8E008FC4E7 /* MultiViewControllers */ = {
			isa = PBXGroup;
			children = (
				FE2BE5BA1E00CE8E008FC4E7 /* AppDelegate.swift */,
				FE2BE5BC1E00CE8E008FC4E7 /* ViewController.swift */,
				FE2BE5CC1E00CF9C008FC4E7 /* SecondVC.swift */,
				FE2BE5BE1E00CE8E008FC4E7 /* Main.storyboard */,
				FE2BE5C11E00CE8E008FC4E7 /* Assets.xcassets */,
				FE2BE5C31E00CE8E008FC4E7 /* LaunchScreen.storyboard */,
				FE2BE5C61E00CE8E008FC4E7 /* Info.plist */,
			);
			path = MultiViewControllers;
			sourceTree = "<group>";
		};
/* End PBXGroup section */

/* Begin PBXNativeTarget section */
		FE2BE5B61E00CE8E008FC4E7 /* MultiViewControllers */ = {
			isa = PBXNativeTarget;
			buildConfigurationList = FE2BE5C91E00CE8E008FC4E7 /* Build configuration list for PBXNativeTarget "MultiViewControllers" */;
			buildPhases = (
				FE2BE5B31E00CE8E008FC4E7 /* Sources */,
				FE2BE5B41E00CE8E008FC4E7 /* Frameworks */,
				FE2BE5B51E00CE8E008FC4E7 /* Resources */,
			);
			buildRules = (
			);
			dependencies = (
			);
			name = MultiViewControllers;
			productName = MultiViewControllers;
			productReference = FE2BE5B71E00CE8E008FC4E7 /* MultiViewControllers.app */;
			productType = "com.apple.product-type.application";
		};
/* End PBXNativeTarget section */

/* Begin PBXProject section */
		FE2BE5AF1E00CE8E008FC4E7 /* Project object */ = {
			isa = PBXProject;
			attributes = {
				LastSwiftUpdateCheck = 0810;
				LastUpgradeCheck = 0810;
				ORGANIZATIONNAME = PomHaffs;
				TargetAttributes = {
					FE2BE5B61E00CE8E008FC4E7 = {
						CreatedOnToolsVersion = 8.1;
						DevelopmentTeam = 37N4597A88;
						ProvisioningStyle = Automatic;
					};
				};
			};
			buildConfigurationList = FE2BE5B21E00CE8E008FC4E7 /* Build configuration list for PBXProject "MultiViewControllers" */;
			compatibilityVersion = "Xcode 3.2";
			developmentRegion = English;
			hasScannedForEncodings = 0;
			knownRegions = (
				en,
				Base,
			);
			mainGroup = FE2BE5AE1E00CE8E008FC4E7;
			productRefGroup = FE2BE5B81E00CE8E008FC4E7 /* Products */;
			projectDirPath = "";
			projectRoot = "";
			targets = (
				FE2BE5B61E00CE8E008FC4E7 /* MultiViewControllers */,
			);
		};
/* End PBXProject section */

/* Begin PBXResourcesBuildPhase section */
		FE2BE5B51E00CE8E008FC4E7 /* Resources */ = {
			isa = PBXResourcesBuildPhase;
			buildActionMask = 2147483647;
			files = (
				FE2BE5C51E00CE8E008FC4E7 /* LaunchScreen.storyboard in Resources */,
				FE2BE5C21E00CE8E008FC4E7 /* Assets.xcassets in Resources */,
				FE2BE5C01E00CE8E008FC4E7 /* Main.storyboard in Resources */,
			);
			runOnlyForDeploymentPostprocessing = 0;
		};
/* End PBXResourcesBuildPhase section */

/* Begin PBXSourcesBuildPhase section */
		FE2BE5B31E00CE8E008FC4E7 /* Sources */ = {
			isa = PBXSourcesBuildPhase;
			buildActionMask = 2147483647;
			files = (
				FE2BE5BD1E00CE8E008FC4E7 /* ViewController.swift in Sources */,
				FE2BE5CD1E00CF9C008FC4E7 /* SecondVC.swift in Sources */,
				FE2BE5BB1E00CE8E008FC4E7 /* AppDelegate.swift in Sources */,
			);
			runOnlyForDeploymentPostprocessing = 0;
		};
/* End PBXSourcesBuildPhase section */

/* Begin PBXVariantGroup section */
		FE2BE5BE1E00CE8E008FC4E7 /* Main.storyboard */ = {
			isa = PBXVariantGroup;
			children = (
				FE2BE5BF1E00CE8E008FC4E7 /* Base */,
			);
			name = Main.storyboard;
			sourceTree = "<group>";
		};
		FE2BE5C31E00CE8E008FC4E7 /* LaunchScreen.storyboard */ = {
			isa = PBXVariantGroup;
			children = (
				FE2BE5C41E00CE8E008FC4E7 /* Base */,
			);
			name = LaunchScreen.storyboard;
			sourceTree = "<group>";
		};
/* End PBXVariantGroup section */

/* Begin XCBuildConfiguration section */
		FE2BE5C71E00CE8E008FC4E7 /* Debug */ = {
			isa = XCBuildConfiguration;
			buildSettings = {
				ALWAYS_SEARCH_USER_PATHS = NO;
				CLANG_ANALYZER_NONNULL = YES;
				CLANG_CXX_LANGUAGE_STANDARD = "gnu++0x";
				CLANG_CXX_LIBRARY = "libc++";
				CLANG_ENABLE_MODULES = YES;
				CLANG_ENABLE_OBJC_ARC = YES;
				CLANG_WARN_BOOL_CONVERSION = YES;
				CLANG_WARN_CONSTANT_CONVERSION = YES;
				CLANG_WARN_DIRECT_OBJC_ISA_USAGE = YES_ERROR;
				CLANG_WARN_DOCUMENTATION_COMMENTS = YES;
				CLANG_WARN_EMPTY_BODY = YES;
				CLANG_WARN_ENUM_CONVERSION = YES;
				CLANG_WARN_INFINITE_RECURSION = YES;
				CLANG_WARN_INT_CONVERSION = YES;
				CLANG_WARN_OBJC_ROOT_CLASS = YES_ERROR;
				CLANG_WARN_SUSPICIOUS_MOVES = YES;
				CLANG_WARN_UNREACHABLE_CODE = YES;
				CLANG_WARN__DUPLICATE_METHOD_MATCH = YES;
				"CODE_SIGN_IDENTITY[sdk=iphoneos*]" = "iPhone Developer";
				COPY_PHASE_STRIP = NO;
				DEBUG_INFORMATION_FORMAT = dwarf;
				ENABLE_STRICT_OBJC_MSGSEND = YES;
				ENABLE_TESTABILITY = YES;
				GCC_C_LANGUAGE_STANDARD = gnu99;
				GCC_DYNAMIC_NO_PIC = NO;
				GCC_NO_COMMON_BLOCKS = YES;
				GCC_OPTIMIZATION_LEVEL = 0;
				GCC_PREPROCESSOR_DEFINITIONS = (
					"DEBUG=1",
					"$(inherited)",
				);
				GCC_WARN_64_TO_32_BIT_CONVERSION = YES;
				GCC_WARN_ABOUT_RETURN_TYPE = YES_ERROR;
				GCC_WARN_UNDECLARED_SELECTOR = YES;
				GCC_WARN_UNINITIALIZED_AUTOS = YES_AGGRESSIVE;
				GCC_WARN_UNUSED_FUNCTION = YES;
				GCC_WARN_UNUSED_VARIABLE = YES;
				IPHONEOS_DEPLOYMENT_TARGET = 10.1;
				MTL_ENABLE_DEBUG_INFO = YES;
				ONLY_ACTIVE_ARCH = YES;
				SDKROOT = iphoneos;
				SWIFT_ACTIVE_COMPILATION_CONDITIONS = DEBUG;
				SWIFT_OPTIMIZATION_LEVEL = "-Onone";
				TARGETED_DEVICE_FAMILY = "1,2";
			};
			name = Debug;
		};
		FE2BE5C81E00CE8E008FC4E7 /* Release */ = {
			isa = XCBuildConfiguration;
			buildSettings = {
				ALWAYS_SEARCH_USER_PATHS = NO;
				CLANG_ANALYZER_NONNULL = YES;
				CLANG_CXX_LANGUAGE_STANDARD = "gnu++0x";
				CLANG_CXX_LIBRARY = "libc++";
				CLANG_ENABLE_MODULES = YES;
				CLANG_ENABLE_OBJC_ARC = YES;
				CLANG_WARN_BOOL_CONVERSION = YES;
				CLANG_WARN_CONSTANT_CONVERSION = YES;
				CLANG_WARN_DIRECT_OBJC_ISA_USAGE = YES_ERROR;
				CLANG_WARN_DOCUMENTATION_COMMENTS = YES;
				CLANG_WARN_EMPTY_BODY = YES;
				CLANG_WARN_ENUM_CONVERSION = YES;
				CLANG_WARN_INFINITE_RECURSION = YES;
				CLANG_WARN_INT_CONVERSION = YES;
				CLANG_WARN_OBJC_ROOT_CLASS = YES_ERROR;
				CLANG_WARN_SUSPICIOUS_MOVES = YES;
				CLANG_WARN_UNREACHABLE_CODE = YES;
				CLANG_WARN__DUPLICATE_METHOD_MATCH = YES;
				"CODE_SIGN_IDENTITY[sdk=iphoneos*]" = "iPhone Developer";
				COPY_PHASE_STRIP = NO;
				DEBUG_INFORMATION_FORMAT = "dwarf-with-dsym";
				ENABLE_NS_ASSERTIONS = NO;
				ENABLE_STRICT_OBJC_MSGSEND = YES;
				GCC_C_LANGUAGE_STANDARD = gnu99;
				GCC_NO_COMMON_BLOCKS = YES;
				GCC_WARN_64_TO_32_BIT_CONVERSION = YES;
				GCC_WARN_ABOUT_RETURN_TYPE = YES_ERROR;
				GCC_WARN_UNDECLARED_SELECTOR = YES;
				GCC_WARN_UNINITIALIZED_AUTOS = YES_AGGRESSIVE;
				GCC_WARN_UNUSED_FUNCTION = YES;
				GCC_WARN_UNUSED_VARIABLE = YES;
				IPHONEOS_DEPLOYMENT_TARGET = 10.1;
				MTL_ENABLE_DEBUG_INFO = NO;
				SDKROOT = iphoneos;
				SWIFT_OPTIMIZATION_LEVEL = "-Owholemodule";
				TARGETED_DEVICE_FAMILY = "1,2";
				VALIDATE_PRODUCT = YES;
			};
			name = Release;
		};
		FE2BE5CA1E00CE8E008FC4E7 /* Debug */ = {
			isa = XCBuildConfiguration;
			buildSettings = {
				ASSETCATALOG_COMPILER_APPICON_NAME = AppIcon;
				DEVELOPMENT_TEAM = 37N4597A88;
				INFOPLIST_FILE = MultiViewControllers/Info.plist;
				LD_RUNPATH_SEARCH_PATHS = "$(inherited) @executable_path/Frameworks";
				PRODUCT_BUNDLE_IDENTIFIER = PomHaffs.MultiViewControllers;
				PRODUCT_NAME = "$(TARGET_NAME)";
				SWIFT_VERSION = 3.0;
			};
			name = Debug;
		};
		FE2BE5CB1E00CE8E008FC4E7 /* Release */ = {
			isa = XCBuildConfiguration;
			buildSettings = {
				ASSETCATALOG_COMPILER_APPICON_NAME = AppIcon;
				DEVELOPMENT_TEAM = 37N4597A88;
				INFOPLIST_FILE = MultiViewControllers/Info.plist;
				LD_RUNPATH_SEARCH_PATHS = "$(inherited) @executable_path/Frameworks";
				PRODUCT_BUNDLE_IDENTIFIER = PomHaffs.MultiViewControllers;
				PRODUCT_NAME = "$(TARGET_NAME)";
				SWIFT_VERSION = 3.0;
			};
			name = Release;
		};
/* End XCBuildConfiguration section */

/* Begin XCConfigurationList section */
		FE2BE5B21E00CE8E008FC4E7 /* Build configuration list for PBXProject "MultiViewControllers" */ = {
			isa = XCConfigurationList;
			buildConfigurations = (
				FE2BE5C71E00CE8E008FC4E7 /* Debug */,
				FE2BE5C81E00CE8E008FC4E7 /* Release */,
			);
			defaultConfigurationIsVisible = 0;
			defaultConfigurationName = Release;
		};
		FE2BE5C91E00CE8E008FC4E7 /* Build configuration list for PBXNativeTarget "MultiViewControllers" */ = {
			isa = XCConfigurationList;
			buildConfigurations = (
				FE2BE5CA1E00CE8E008FC4E7 /* Debug */,
				FE2BE5CB1E00CE8E008FC4E7 /* Release */,
			);
			defaultConfigurationIsVisible = 0;
		};
/* End XCConfigurationList section */
	};
	rootObject = FE2BE5AF1E00CE8E008FC4E7 /* Project object */;
}
