// !$*UTF8*$!
{
	archiveVersion = 1;
	classes = {
	};
	objectVersion = 46;
	objects = {

/* Begin PBXBuildFile section */
		FEC091441E0B5B3800486E34 /* AppDelegate.swift in Sources */ = {isa = PBXBuildFile; fileRef = FEC091431E0B5B3800486E34 /* AppDelegate.swift */; };
		FEC091461E0B5B3800486E34 /* ViewController.swift in Sources */ = {isa = PBXBuildFile; fileRef = FEC091451E0B5B3800486E34 /* ViewController.swift */; };
		FEC091491E0B5B3800486E34 /* Main.storyboard in Resources */ = {isa = PBXBuildFile; fileRef = FEC091471E0B5B3800486E34 /* Main.storyboard */; };
		FEC0914B1E0B5B3800486E34 /* Assets.xcassets in Resources */ = {isa = PBXBuildFile; fileRef = FEC0914A1E0B5B3800486E34 /* Assets.xcassets */; };
		FEC0914E1E0B5B3800486E34 /* LaunchScreen.storyboard in Resources */ = {isa = PBXBuildFile; fileRef = FEC0914C1E0B5B3800486E34 /* LaunchScreen.storyboard */; };
		FEC091571E0B627200486E34 /* CoreLocation.framework in Frameworks */ = {isa = PBXBuildFile; fileRef = FEC091561E0B627200486E34 /* CoreLocation.framework */; };
/* End PBXBuildFile section */

/* Begin PBXFileReference section */
		FEC091401E0B5B3700486E34 /* FindingUserLocation.app */ = {isa = PBXFileReference; explicitFileType = wrapper.application; includeInIndex = 0; path = FindingUserLocation.app; sourceTree = BUILT_PRODUCTS_DIR; };
		FEC091431E0B5B3800486E34 /* AppDelegate.swift */ = {isa = PBXFileReference; lastKnownFileType = sourcecode.swift; path = AppDelegate.swift; sourceTree = "<group>"; };
		FEC091451E0B5B3800486E34 /* ViewController.swift */ = {isa = PBXFileReference; lastKnownFileType = sourcecode.swift; path = ViewController.swift; sourceTree = "<group>"; };
		FEC091481E0B5B3800486E34 /* Base */ = {isa = PBXFileReference; lastKnownFileType = file.storyboard; name = Base; path = Base.lproj/Main.storyboard; sourceTree = "<group>"; };
		FEC0914A1E0B5B3800486E34 /* Assets.xcassets */ = {isa = PBXFileReference; lastKnownFileType = folder.assetcatalog; path = Assets.xcassets; sourceTree = "<group>"; };
		FEC0914D1E0B5B3800486E34 /* Base */ = {isa = PBXFileReference; lastKnownFileType = file.storyboard; name = Base; path = Base.lproj/LaunchScreen.storyboard; sourceTree = "<group>"; };
		FEC0914F1E0B5B3800486E34 /* Info.plist */ = {isa = PBXFileReference; lastKnownFileType = text.plist.xml; path = Info.plist; sourceTree = "<group>"; };
		FEC091561E0B627200486E34 /* CoreLocation.framework */ = {isa = PBXFileReference; lastKnownFileType = wrapper.framework; name = CoreLocation.framework; path = System/Library/Frameworks/CoreLocation.framework; sourceTree = SDKROOT; };
/* End PBXFileReference section */

/* Begin PBXFrameworksBuildPhase section */
		FEC0913D1E0B5B3700486E34 /* Frameworks */ = {
			isa = PBXFrameworksBuildPhase;
			buildActionMask = 2147483647;
			files = (
				FEC091571E0B627200486E34 /* CoreLocation.framework in Frameworks */,
			);
			runOnlyForDeploymentPostprocessing = 0;
		};
/* End PBXFrameworksBuildPhase section */

/* Begin PBXGroup section */
		FEC091371E0B5B3700486E34 = {
			isa = PBXGroup;
			children = (
				FEC091421E0B5B3700486E34 /* FindingUserLocation */,
				FEC091411E0B5B3700486E34 /* Products */,
				FEC091551E0B627200486E34 /* Frameworks */,
			);
			sourceTree = "<group>";
		};
		FEC091411E0B5B3700486E34 /* Products */ = {
			isa = PBXGroup;
			children = (
				FEC091401E0B5B3700486E34 /* FindingUserLocation.app */,
			);
			name = Products;
			sourceTree = "<group>";
		};
		FEC091421E0B5B3700486E34 /* FindingUserLocation */ = {
			isa = PBXGroup;
			children = (
				FEC091431E0B5B3800486E34 /* AppDelegate.swift */,
				FEC091451E0B5B3800486E34 /* ViewController.swift */,
				FEC091471E0B5B3800486E34 /* Main.storyboard */,
				FEC0914A1E0B5B3800486E34 /* Assets.xcassets */,
				FEC0914C1E0B5B3800486E34 /* LaunchScreen.storyboard */,
				FEC0914F1E0B5B3800486E34 /* Info.plist */,
			);
			path = FindingUserLocation;
			sourceTree = "<group>";
		};
		FEC091551E0B627200486E34 /* Frameworks */ = {
			isa = PBXGroup;
			children = (
				FEC091561E0B627200486E34 /* CoreLocation.framework */,
			);
			name = Frameworks;
			sourceTree = "<group>";
		};
/* End PBXGroup section */

/* Begin PBXNativeTarget section */
		FEC0913F1E0B5B3700486E34 /* FindingUserLocation */ = {
			isa = PBXNativeTarget;
			buildConfigurationList = FEC091521E0B5B3800486E34 /* Build configuration list for PBXNativeTarget "FindingUserLocation" */;
			buildPhases = (
				FEC0913C1E0B5B3700486E34 /* Sources */,
				FEC0913D1E0B5B3700486E34 /* Frameworks */,
				FEC0913E1E0B5B3700486E34 /* Resources */,
			);
			buildRules = (
			);
			dependencies = (
			);
			name = FindingUserLocation;
			productName = FindingUserLocation;
			productReference = FEC091401E0B5B3700486E34 /* FindingUserLocation.app */;
			productType = "com.apple.product-type.application";
		};
/* End PBXNativeTarget section */

/* Begin PBXProject section */
		FEC091381E0B5B3700486E34 /* Project object */ = {
			isa = PBXProject;
			attributes = {
				LastSwiftUpdateCheck = 0820;
				LastUpgradeCheck = 0820;
				ORGANIZATIONNAME = PomHaffs;
				TargetAttributes = {
					FEC0913F1E0B5B3700486E34 = {
						CreatedOnToolsVersion = 8.2;
						DevelopmentTeam = 37N4597A88;
						ProvisioningStyle = Automatic;
					};
				};
			};
			buildConfigurationList = FEC0913B1E0B5B3700486E34 /* Build configuration list for PBXProject "FindingUserLocation" */;
			compatibilityVersion = "Xcode 3.2";
			developmentRegion = English;
			hasScannedForEncodings = 0;
			knownRegions = (
				en,
				Base,
			);
			mainGroup = FEC091371E0B5B3700486E34;
			productRefGroup = FEC091411E0B5B3700486E34 /* Products */;
			projectDirPath = "";
			projectRoot = "";
			targets = (
				FEC0913F1E0B5B3700486E34 /* FindingUserLocation */,
			);
		};
/* End PBXProject section */

/* Begin PBXResourcesBuildPhase section */
		FEC0913E1E0B5B3700486E34 /* Resources */ = {
			isa = PBXResourcesBuildPhase;
			buildActionMask = 2147483647;
			files = (
				FEC0914E1E0B5B3800486E34 /* LaunchScreen.storyboard in Resources */,
				FEC0914B1E0B5B3800486E34 /* Assets.xcassets in Resources */,
				FEC091491E0B5B3800486E34 /* Main.storyboard in Resources */,
			);
			runOnlyForDeploymentPostprocessing = 0;
		};
/* End PBXResourcesBuildPhase section */

/* Begin PBXSourcesBuildPhase section */
		FEC0913C1E0B5B3700486E34 /* Sources */ = {
			isa = PBXSourcesBuildPhase;
			buildActionMask = 2147483647;
			files = (
				FEC091461E0B5B3800486E34 /* ViewController.swift in Sources */,
				FEC091441E0B5B3800486E34 /* AppDelegate.swift in Sources */,
			);
			runOnlyForDeploymentPostprocessing = 0;
		};
/* End PBXSourcesBuildPhase section */

/* Begin PBXVariantGroup section */
		FEC091471E0B5B3800486E34 /* Main.storyboard */ = {
			isa = PBXVariantGroup;
			children = (
				FEC091481E0B5B3800486E34 /* Base */,
			);
			name = Main.storyboard;
			sourceTree = "<group>";
		};
		FEC0914C1E0B5B3800486E34 /* LaunchScreen.storyboard */ = {
			isa = PBXVariantGroup;
			children = (
				FEC0914D1E0B5B3800486E34 /* Base */,
			);
			name = LaunchScreen.storyboard;
			sourceTree = "<group>";
		};
/* End PBXVariantGroup section */

/* Begin XCBuildConfiguration section */
		FEC091501E0B5B3800486E34 /* Debug */ = {
			isa = XCBuildConfiguration;
			buildSettings = {
				ALWAYS_SEARCH_USER_PATHS = NO;
				CLANG_ANALYZER_NONNULL = YES;
				CLANG_CXX_LANGUAGE_STANDARD = "gnu++0x";
				CLANG_CXX_LIBRARY = "libc++";
				CLANG_ENABLE_MODULES = YES;
				CLANG_ENABLE_OBJC_ARC = YES;
				CLANG_WARN_BOOL_CONVERSION = YES;
				CLANG_WARN_CONSTANT_CONVERSION = YES;
				CLANG_WARN_DIRECT_OBJC_ISA_USAGE = YES_ERROR;
				CLANG_WARN_DOCUMENTATION_COMMENTS = YES;
				CLANG_WARN_EMPTY_BODY = YES;
				CLANG_WARN_ENUM_CONVERSION = YES;
				CLANG_WARN_INFINITE_RECURSION = YES;
				CLANG_WARN_INT_CONVERSION = YES;
				CLANG_WARN_OBJC_ROOT_CLASS = YES_ERROR;
				CLANG_WARN_SUSPICIOUS_MOVE = YES;
				CLANG_WARN_UNREACHABLE_CODE = YES;
				CLANG_WARN__DUPLICATE_METHOD_MATCH = YES;
				"CODE_SIGN_IDENTITY[sdk=iphoneos*]" = "iPhone Developer";
				COPY_PHASE_STRIP = NO;
				DEBUG_INFORMATION_FORMAT = dwarf;
				ENABLE_STRICT_OBJC_MSGSEND = YES;
				ENABLE_TESTABILITY = YES;
				GCC_C_LANGUAGE_STANDARD = gnu99;
				GCC_DYNAMIC_NO_PIC = NO;
				GCC_NO_COMMON_BLOCKS = YES;
				GCC_OPTIMIZATION_LEVEL = 0;
				GCC_PREPROCESSOR_DEFINITIONS = (
					"DEBUG=1",
					"$(inherited)",
				);
				GCC_WARN_64_TO_32_BIT_CONVERSION = YES;
				GCC_WARN_ABOUT_RETURN_TYPE = YES_ERROR;
				GCC_WARN_UNDECLARED_SELECTOR = YES;
				GCC_WARN_UNINITIALIZED_AUTOS = YES_AGGRESSIVE;
				GCC_WARN_UNUSED_FUNCTION = YES;
				GCC_WARN_UNUSED_VARIABLE = YES;
				IPHONEOS_DEPLOYMENT_TARGET = 10.2;
				MTL_ENABLE_DEBUG_INFO = YES;
				ONLY_ACTIVE_ARCH = YES;
				SDKROOT = iphoneos;
				SWIFT_ACTIVE_COMPILATION_CONDITIONS = DEBUG;
				SWIFT_OPTIMIZATION_LEVEL = "-Onone";
				TARGETED_DEVICE_FAMILY = "1,2";
			};
			name = Debug;
		};
		FEC091511E0B5B3800486E34 /* Release */ = {
			isa = XCBuildConfiguration;
			buildSettings = {
				ALWAYS_SEARCH_USER_PATHS = NO;
				CLANG_ANALYZER_NONNULL = YES;
				CLANG_CXX_LANGUAGE_STANDARD = "gnu++0x";
				CLANG_CXX_LIBRARY = "libc++";
				CLANG_ENABLE_MODULES = YES;
				CLANG_ENABLE_OBJC_ARC = YES;
				CLANG_WARN_BOOL_CONVERSION = YES;
				CLANG_WARN_CONSTANT_CONVERSION = YES;
				CLANG_WARN_DIRECT_OBJC_ISA_USAGE = YES_ERROR;
				CLANG_WARN_DOCUMENTATION_COMMENTS = YES;
				CLANG_WARN_EMPTY_BODY = YES;
				CLANG_WARN_ENUM_CONVERSION = YES;
				CLANG_WARN_INFINITE_RECURSION = YES;
				CLANG_WARN_INT_CONVERSION = YES;
				CLANG_WARN_OBJC_ROOT_CLASS = YES_ERROR;
				CLANG_WARN_SUSPICIOUS_MOVE = YES;
				CLANG_WARN_UNREACHABLE_CODE = YES;
				CLANG_WARN__DUPLICATE_METHOD_MATCH = YES;
				"CODE_SIGN_IDENTITY[sdk=iphoneos*]" = "iPhone Developer";
				COPY_PHASE_STRIP = NO;
				DEBUG_INFORMATION_FORMAT = "dwarf-with-dsym";
				ENABLE_NS_ASSERTIONS = NO;
				ENABLE_STRICT_OBJC_MSGSEND = YES;
				GCC_C_LANGUAGE_STANDARD = gnu99;
				GCC_NO_COMMON_BLOCKS = YES;
				GCC_WARN_64_TO_32_BIT_CONVERSION = YES;
				GCC_WARN_ABOUT_RETURN_TYPE = YES_ERROR;
				GCC_WARN_UNDECLARED_SELECTOR = YES;
				GCC_WARN_UNINITIALIZED_AUTOS = YES_AGGRESSIVE;
				GCC_WARN_UNUSED_FUNCTION = YES;
				GCC_WARN_UNUSED_VARIABLE = YES;
				IPHONEOS_DEPLOYMENT_TARGET = 10.2;
				MTL_ENABLE_DEBUG_INFO = NO;
				SDKROOT = iphoneos;
				SWIFT_OPTIMIZATION_LEVEL = "-Owholemodule";
				TARGETED_DEVICE_FAMILY = "1,2";
				VALIDATE_PRODUCT = YES;
			};
			name = Release;
		};
		FEC091531E0B5B3800486E34 /* Debug */ = {
			isa = XCBuildConfiguration;
			buildSettings = {
				ASSETCATALOG_COMPILER_APPICON_NAME = AppIcon;
				DEVELOPMENT_TEAM = 37N4597A88;
				INFOPLIST_FILE = FindingUserLocation/Info.plist;
				LD_RUNPATH_SEARCH_PATHS = "$(inherited) @executable_path/Frameworks";
				PRODUCT_BUNDLE_IDENTIFIER = PomHaffs.FindingUserLocation;
				PRODUCT_NAME = "$(TARGET_NAME)";
				SWIFT_VERSION = 3.0;
			};
			name = Debug;
		};
		FEC091541E0B5B3800486E34 /* Release */ = {
			isa = XCBuildConfiguration;
			buildSettings = {
				ASSETCATALOG_COMPILER_APPICON_NAME = AppIcon;
				DEVELOPMENT_TEAM = 37N4597A88;
				INFOPLIST_FILE = FindingUserLocation/Info.plist;
				LD_RUNPATH_SEARCH_PATHS = "$(inherited) @executable_path/Frameworks";
				PRODUCT_BUNDLE_IDENTIFIER = PomHaffs.FindingUserLocation;
				PRODUCT_NAME = "$(TARGET_NAME)";
				SWIFT_VERSION = 3.0;
			};
			name = Release;
		};
/* End XCBuildConfiguration section */

/* Begin XCConfigurationList section */
		FEC0913B1E0B5B3700486E34 /* Build configuration list for PBXProject "FindingUserLocation" */ = {
			isa = XCConfigurationList;
			buildConfigurations = (
				FEC091501E0B5B3800486E34 /* Debug */,
				FEC091511E0B5B3800486E34 /* Release */,
			);
			defaultConfigurationIsVisible = 0;
			defaultConfigurationName = Release;
		};
		FEC091521E0B5B3800486E34 /* Build configuration list for PBXNativeTarget "FindingUserLocation" */ = {
			isa = XCConfigurationList;
			buildConfigurations = (
				FEC091531E0B5B3800486E34 /* Debug */,
				FEC091541E0B5B3800486E34 /* Release */,
			);
			defaultConfigurationIsVisible = 0;
		};
/* End XCConfigurationList section */
	};
	rootObject = FEC091381E0B5B3700486E34 /* Project object */;
}
